// !$*UTF8*$!
{
	archiveVersion = 1;
	classes = {
	};
	objectVersion = 77;
	objects = {

/* Begin PBXBuildFile section */
		0173B3B98B368FCABE7418E5 /* RootView.swift in Sources */ = {isa = PBXBuildFile; fileRef = 8D39D479E5AFA1FCB607E5ED /* RootView.swift */; };
		0AFD7D7C50451F96DA202CE4 /* NotificationSettingsSection.swift in Sources */ = {isa = PBXBuildFile; fileRef = 2EF49E1E081A6ADE03F5E2DA /* NotificationSettingsSection.swift */; };
		0C07CB21C3BFA622ABEB9561 /* TrophyCaseView.swift in Sources */ = {isa = PBXBuildFile; fileRef = 5F06A72A99F44751E51C526D /* TrophyCaseView.swift */; };
		0C61D6DF21AE4AB781D9FEDD /* SectionsHint.swift in Sources */ = {isa = PBXBuildFile; fileRef = 8FE33B6365427F981FD356BE /* SectionsHint.swift */; };
		10A8A5C4E98243ADAF5F91E5 /* MembersViewModel.swift in Sources */ = {isa = PBXBuildFile; fileRef = D7DB9556C510CA5B9958FBD1 /* MembersViewModel.swift */; };
		12A315BCEF72BF1BAEA5D515 /* AppEnvironment.swift in Sources */ = {isa = PBXBuildFile; fileRef = B49C2F69739A05DA6E30EFDB /* AppEnvironment.swift */; };
		281FAB71009E2D455670D2A2 /* NFLScoresView.swift in Sources */ = {isa = PBXBuildFile; fileRef = E2ECC67CFE4ACEAA8E570FA7 /* NFLScoresView.swift */; };
		2B08802C61FFA4EDBAC0B1D8 /* SettingsView.swift in Sources */ = {isa = PBXBuildFile; fileRef = FAA13BA485C41B4F90F30286 /* SettingsView.swift */; };
		2D06F93A1EA160D9EF648840 /* CartelESPN in Frameworks */ = {isa = PBXBuildFile; productRef = 6E0714EA86BA5918D9AB8AE2 /* CartelESPN */; };
		31A809E0CA27524EC2EAA406 /* AppConfiguration.swift in Sources */ = {isa = PBXBuildFile; fileRef = 6400996C8909B068E1496C1C /* AppConfiguration.swift */; };
		38B95E0B54C1885AC2758A7F /* SignInView.swift in Sources */ = {isa = PBXBuildFile; fileRef = 722EC606D4D20DB5CACCE5E1 /* SignInView.swift */; };
		3DADAD921D879A9F728BD8B6 /* SharedStore.swift in Sources */ = {isa = PBXBuildFile; fileRef = 186614AFCC75669D6703C2BE /* SharedStore.swift */; };
		4417DB5BC76A27D7892D3EB8 /* NewsPostDetailView.swift in Sources */ = {isa = PBXBuildFile; fileRef = 3C073D09C67256CF6F6B1711 /* NewsPostDetailView.swift */; };
		4B45F6825D3EE456218A14E5 /* CartelCore in Frameworks */ = {isa = PBXBuildFile; productRef = 594DBDFAD60BBE9EF7E46561 /* CartelCore */; };
		507E57CB1AC3A1CCA0648BDE /* KeychainStore.swift in Sources */ = {isa = PBXBuildFile; fileRef = 457FE48CBCFD9A680A7A0B00 /* KeychainStore.swift */; };
		52336F7120F8E612A2A04EBB /* MemberDetailView.swift in Sources */ = {isa = PBXBuildFile; fileRef = C25E5646CF454142CCA9E361 /* MemberDetailView.swift */; };
		65F8592486F245A19B3066DF /* CommissionersCartelApp.swift in Sources */ = {isa = PBXBuildFile; fileRef = 3D256F9DE3A680438DD5AE32 /* CommissionersCartelApp.swift */; };
		66CE10332C3B33895DF06ACC /* DirectMessagesView.swift in Sources */ = {isa = PBXBuildFile; fileRef = 28FB8B90A46A708C9F913DC0 /* DirectMessagesView.swift */; };
		69D52231B9DEDFA927F00B5C /* TrophyCaseViewModel.swift in Sources */ = {isa = PBXBuildFile; fileRef = DD5373CBFCE6F0C8E3596250 /* TrophyCaseViewModel.swift */; };
		6B997AC61DA6A4FF0F83170F /* SplashView.swift in Sources */ = {isa = PBXBuildFile; fileRef = 4FCB96C6D0B45F65D335B2F0 /* SplashView.swift */; };
		6BC6E9A25CD7A02818A68EF2 /* MatchupWidget.swift in Sources */ = {isa = PBXBuildFile; fileRef = D975DD85567F6170D3E9461D /* MatchupWidget.swift */; };
		6BE2AE9F104DD5C28320496A /* TeamLogoView.swift in Sources */ = {isa = PBXBuildFile; fileRef = DAE8F39CCE2C0B567F46F6B9 /* TeamLogoView.swift */; };
		6D8C8AE37F76E495623A1128 /* StandingsView.swift in Sources */ = {isa = PBXBuildFile; fileRef = AB9171C63B6603835C7B65EE /* StandingsView.swift */; };
		72C5C8E3896104D244C9B4B5 /* Theme.swift in Sources */ = {isa = PBXBuildFile; fileRef = 7FD2A5DD48CE6331EFA0E30A /* Theme.swift */; };
		74F279CE6D2710987F24995A /* MatchupWidgetView.swift in Sources */ = {isa = PBXBuildFile; fileRef = 950BDC3CA78FDE8BFA07A82D /* MatchupWidgetView.swift */; };
		76513565B7F0C8AEF2962505 /* MembersView.swift in Sources */ = {isa = PBXBuildFile; fileRef = D03469EA43F8E378196C04CA /* MembersView.swift */; };
		7B0F47FD6B319E75B8BE692C /* NewsFeedViewModel.swift in Sources */ = {isa = PBXBuildFile; fileRef = 2BB2006E986A9040A4FFD91A /* NewsFeedViewModel.swift */; };
		7B7D9ADD54F336A6C9F41111 /* PollsView.swift in Sources */ = {isa = PBXBuildFile; fileRef = F225F33D365B0F36C742B203 /* PollsView.swift */; };
		84043FAE901DE963345DD8C9 /* WidgetConfigurationValues.swift in Sources */ = {isa = PBXBuildFile; fileRef = 39D1C05CABC392FC6823B538 /* WidgetConfigurationValues.swift */; };
		881F2DAFD9BCF0666457283B /* CartelWidgetBundle.swift in Sources */ = {isa = PBXBuildFile; fileRef = 98A79C4D20F246ADB024E300 /* CartelWidgetBundle.swift */; };
		8D5798726C62FF83F29DBFE0 /* PushRegistrar.swift in Sources */ = {isa = PBXBuildFile; fileRef = C30309D2144830C532881002 /* PushRegistrar.swift */; };
		918B07539C61AA53B64A0344 /* CartelSupabase in Frameworks */ = {isa = PBXBuildFile; productRef = 9C280192D12D2EB917B6F0E0 /* CartelSupabase */; };
		94A01FAD9CF58E3161976C91 /* MatchupsViewModel.swift in Sources */ = {isa = PBXBuildFile; fileRef = 19CAF352C89479A5D8415900 /* MatchupsViewModel.swift */; };
		9B30FC45D6A0E6FA51305F58 /* PollsViewModel.swift in Sources */ = {isa = PBXBuildFile; fileRef = 1E4D03F3F048E702B1FEEE14 /* PollsViewModel.swift */; };
		9B31A35278D954D5A2CDB369 /* ClaimTeamView.swift in Sources */ = {isa = PBXBuildFile; fileRef = 1E86DC157594C0AA807FB016 /* ClaimTeamView.swift */; };
		9DE066068B891E3CB0B66EB4 /* CartelESPN in Frameworks */ = {isa = PBXBuildFile; productRef = FBF57DDE217E1BC30051762A /* CartelESPN */; };
		A5492B9492A9D86A52D247D2 /* CreatePollView.swift in Sources */ = {isa = PBXBuildFile; fileRef = 1B1DCADEB27EFF3B6943804B /* CreatePollView.swift */; };
		A960A5FCEE9901CE00DC540C /* Assets.xcassets in Resources */ = {isa = PBXBuildFile; fileRef = D3EA656F6D507B3748C1377F /* Assets.xcassets */; };
		B11A87F46FFEAAEAC971C3C9 /* NewsFeedView.swift in Sources */ = {isa = PBXBuildFile; fileRef = 3C45E44EFEFD22E3FAF3CF11 /* NewsFeedView.swift */; };
		B1CCEFAD55EB9F8A91464815 /* CartelWidget.appex in Embed Foundation Extensions */ = {isa = PBXBuildFile; fileRef = 9C85CA1B92922F1FA6F453CA /* CartelWidget.appex */; settings = {ATTRIBUTES = (RemoveHeadersOnCopy, ); }; };
		BD2DBD997CF0F39A2D7FE030 /* SectionPicker.swift in Sources */ = {isa = PBXBuildFile; fileRef = 6685FC13C6BDCFF3928269DF /* SectionPicker.swift */; };
		C7B013AA42E98992D0791121 /* LeagueChatView.swift in Sources */ = {isa = PBXBuildFile; fileRef = 92F9DFF754F1EE3C1BB8A50F /* LeagueChatView.swift */; };
		D034477AA96A788485C238A0 /* Loadable.swift in Sources */ = {isa = PBXBuildFile; fileRef = 096F4868120CB3CBD155E561 /* Loadable.swift */; };
		D51A5252E1B29247083E7149 /* MatchupsView.swift in Sources */ = {isa = PBXBuildFile; fileRef = BF7395A6303E9F6392B366FC /* MatchupsView.swift */; };
		DA7D2E35F52A48FB6402D851 /* WeeklyRecapView.swift in Sources */ = {isa = PBXBuildFile; fileRef = 5EB1DB5778A90FE77F80CEA1 /* WeeklyRecapView.swift */; };
		DF1DC7BCF83E1E3EE2256B45 /* StateViews.swift in Sources */ = {isa = PBXBuildFile; fileRef = 6169B7B9F9F50A43F4E6F14A /* StateViews.swift */; };
		E3D9F92DE286521C5F51293C /* SharedStore.swift in Sources */ = {isa = PBXBuildFile; fileRef = 186614AFCC75669D6703C2BE /* SharedStore.swift */; };
		E5332F1273FE03A1F9CDE25E /* Formatters.swift in Sources */ = {isa = PBXBuildFile; fileRef = D15561B9A02063BAAA0B9131 /* Formatters.swift */; };
		E69E94DB7F2D0EB288275485 /* CartelCore in Frameworks */ = {isa = PBXBuildFile; productRef = 6983365F6925E23D7A5F7253 /* CartelCore */; };
		EC08F06B3C701F7F9467EBA4 /* DirectMessagesViewModel.swift in Sources */ = {isa = PBXBuildFile; fileRef = BBEE9BFA48CE65F2C9E3693E /* DirectMessagesViewModel.swift */; };
		F6692FE43393690B2EBCF429 /* LeagueChatViewModel.swift in Sources */ = {isa = PBXBuildFile; fileRef = A2E30CCCA2596F1DD148C54D /* LeagueChatViewModel.swift */; };
/* End PBXBuildFile section */

/* Begin PBXContainerItemProxy section */
		743D74EB0139D482BFCD4C3F /* PBXContainerItemProxy */ = {
			isa = PBXContainerItemProxy;
			containerPortal = 5360E0F154977AAC0E89CA30 /* Project object */;
			proxyType = 1;
			remoteGlobalIDString = D63F20A8A45002AC90873D9D;
			remoteInfo = CartelWidget;
		};
/* End PBXContainerItemProxy section */

/* Begin PBXCopyFilesBuildPhase section */
		81DDD7DDDE892F509E003C04 /* Embed Foundation Extensions */ = {
			isa = PBXCopyFilesBuildPhase;
			buildActionMask = 2147483647;
			dstPath = "";
			dstSubfolderSpec = 13;
			files = (
				B1CCEFAD55EB9F8A91464815 /* CartelWidget.appex in Embed Foundation Extensions */,
			);
			name = "Embed Foundation Extensions";
			runOnlyForDeploymentPostprocessing = 0;
		};
/* End PBXCopyFilesBuildPhase section */

/* Begin PBXFileReference section */
		096F4868120CB3CBD155E561 /* Loadable.swift */ = {isa = PBXFileReference; lastKnownFileType = sourcecode.swift; path = Loadable.swift; sourceTree = "<group>"; };
		186614AFCC75669D6703C2BE /* SharedStore.swift */ = {isa = PBXFileReference; lastKnownFileType = sourcecode.swift; path = SharedStore.swift; sourceTree = "<group>"; };
		19CAF352C89479A5D8415900 /* MatchupsViewModel.swift */ = {isa = PBXFileReference; lastKnownFileType = sourcecode.swift; path = MatchupsViewModel.swift; sourceTree = "<group>"; };
		1B1DCADEB27EFF3B6943804B /* CreatePollView.swift */ = {isa = PBXFileReference; lastKnownFileType = sourcecode.swift; path = CreatePollView.swift; sourceTree = "<group>"; };
		1E4D03F3F048E702B1FEEE14 /* PollsViewModel.swift */ = {isa = PBXFileReference; lastKnownFileType = sourcecode.swift; path = PollsViewModel.swift; sourceTree = "<group>"; };
		1E86DC157594C0AA807FB016 /* ClaimTeamView.swift */ = {isa = PBXFileReference; lastKnownFileType = sourcecode.swift; path = ClaimTeamView.swift; sourceTree = "<group>"; };
		28FB8B90A46A708C9F913DC0 /* DirectMessagesView.swift */ = {isa = PBXFileReference; lastKnownFileType = sourcecode.swift; path = DirectMessagesView.swift; sourceTree = "<group>"; };
		2BB2006E986A9040A4FFD91A /* NewsFeedViewModel.swift */ = {isa = PBXFileReference; lastKnownFileType = sourcecode.swift; path = NewsFeedViewModel.swift; sourceTree = "<group>"; };
		2EF49E1E081A6ADE03F5E2DA /* NotificationSettingsSection.swift */ = {isa = PBXFileReference; lastKnownFileType = sourcecode.swift; path = NotificationSettingsSection.swift; sourceTree = "<group>"; };
		35CEFE01E58DE2DE8ABEEB51 /* CartelKit */ = {isa = PBXFileReference; lastKnownFileType = folder; name = CartelKit; path = Packages/CartelKit; sourceTree = SOURCE_ROOT; };
		39D1C05CABC392FC6823B538 /* WidgetConfigurationValues.swift */ = {isa = PBXFileReference; lastKnownFileType = sourcecode.swift; path = WidgetConfigurationValues.swift; sourceTree = "<group>"; };
		3C073D09C67256CF6F6B1711 /* NewsPostDetailView.swift */ = {isa = PBXFileReference; lastKnownFileType = sourcecode.swift; path = NewsPostDetailView.swift; sourceTree = "<group>"; };
		3C45E44EFEFD22E3FAF3CF11 /* NewsFeedView.swift */ = {isa = PBXFileReference; lastKnownFileType = sourcecode.swift; path = NewsFeedView.swift; sourceTree = "<group>"; };
		3D256F9DE3A680438DD5AE32 /* CommissionersCartelApp.swift */ = {isa = PBXFileReference; lastKnownFileType = sourcecode.swift; path = CommissionersCartelApp.swift; sourceTree = "<group>"; };
		44B7FC9C5A8AC74182709966 /* Release.xcconfig */ = {isa = PBXFileReference; lastKnownFileType = text.xcconfig; path = Release.xcconfig; sourceTree = "<group>"; };
		457FE48CBCFD9A680A7A0B00 /* KeychainStore.swift */ = {isa = PBXFileReference; lastKnownFileType = sourcecode.swift; path = KeychainStore.swift; sourceTree = "<group>"; };
		4FCB96C6D0B45F65D335B2F0 /* SplashView.swift */ = {isa = PBXFileReference; lastKnownFileType = sourcecode.swift; path = SplashView.swift; sourceTree = "<group>"; };
		5EB1DB5778A90FE77F80CEA1 /* WeeklyRecapView.swift */ = {isa = PBXFileReference; lastKnownFileType = sourcecode.swift; path = WeeklyRecapView.swift; sourceTree = "<group>"; };
		5F06A72A99F44751E51C526D /* TrophyCaseView.swift */ = {isa = PBXFileReference; lastKnownFileType = sourcecode.swift; path = TrophyCaseView.swift; sourceTree = "<group>"; };
		6169B7B9F9F50A43F4E6F14A /* StateViews.swift */ = {isa = PBXFileReference; lastKnownFileType = sourcecode.swift; path = StateViews.swift; sourceTree = "<group>"; };
		6400996C8909B068E1496C1C /* AppConfiguration.swift */ = {isa = PBXFileReference; lastKnownFileType = sourcecode.swift; path = AppConfiguration.swift; sourceTree = "<group>"; };
		6685FC13C6BDCFF3928269DF /* SectionPicker.swift */ = {isa = PBXFileReference; lastKnownFileType = sourcecode.swift; path = SectionPicker.swift; sourceTree = "<group>"; };
		722EC606D4D20DB5CACCE5E1 /* SignInView.swift */ = {isa = PBXFileReference; lastKnownFileType = sourcecode.swift; path = SignInView.swift; sourceTree = "<group>"; };
		7D337817B4D94977D9118686 /* Debug.xcconfig */ = {isa = PBXFileReference; lastKnownFileType = text.xcconfig; path = Debug.xcconfig; sourceTree = "<group>"; };
		7FD2A5DD48CE6331EFA0E30A /* Theme.swift */ = {isa = PBXFileReference; lastKnownFileType = sourcecode.swift; path = Theme.swift; sourceTree = "<group>"; };
		8D39D479E5AFA1FCB607E5ED /* RootView.swift */ = {isa = PBXFileReference; lastKnownFileType = sourcecode.swift; path = RootView.swift; sourceTree = "<group>"; };
		8FE33B6365427F981FD356BE /* SectionsHint.swift */ = {isa = PBXFileReference; lastKnownFileType = sourcecode.swift; path = SectionsHint.swift; sourceTree = "<group>"; };
		92F9DFF754F1EE3C1BB8A50F /* LeagueChatView.swift */ = {isa = PBXFileReference; lastKnownFileType = sourcecode.swift; path = LeagueChatView.swift; sourceTree = "<group>"; };
		950BDC3CA78FDE8BFA07A82D /* MatchupWidgetView.swift */ = {isa = PBXFileReference; lastKnownFileType = sourcecode.swift; path = MatchupWidgetView.swift; sourceTree = "<group>"; };
		98A79C4D20F246ADB024E300 /* CartelWidgetBundle.swift */ = {isa = PBXFileReference; lastKnownFileType = sourcecode.swift; path = CartelWidgetBundle.swift; sourceTree = "<group>"; };
		9C85CA1B92922F1FA6F453CA /* CartelWidget.appex */ = {isa = PBXFileReference; includeInIndex = 0; lastKnownFileType = "wrapper.app-extension"; path = CartelWidget.appex; sourceTree = BUILT_PRODUCTS_DIR; };
		A2E30CCCA2596F1DD148C54D /* LeagueChatViewModel.swift */ = {isa = PBXFileReference; lastKnownFileType = sourcecode.swift; path = LeagueChatViewModel.swift; sourceTree = "<group>"; };
		AB9171C63B6603835C7B65EE /* StandingsView.swift */ = {isa = PBXFileReference; lastKnownFileType = sourcecode.swift; path = StandingsView.swift; sourceTree = "<group>"; };
		B49C2F69739A05DA6E30EFDB /* AppEnvironment.swift */ = {isa = PBXFileReference; lastKnownFileType = sourcecode.swift; path = AppEnvironment.swift; sourceTree = "<group>"; };
		BBEE9BFA48CE65F2C9E3693E /* DirectMessagesViewModel.swift */ = {isa = PBXFileReference; lastKnownFileType = sourcecode.swift; path = DirectMessagesViewModel.swift; sourceTree = "<group>"; };
		BF7395A6303E9F6392B366FC /* MatchupsView.swift */ = {isa = PBXFileReference; lastKnownFileType = sourcecode.swift; path = MatchupsView.swift; sourceTree = "<group>"; };
		C25E5646CF454142CCA9E361 /* MemberDetailView.swift */ = {isa = PBXFileReference; lastKnownFileType = sourcecode.swift; path = MemberDetailView.swift; sourceTree = "<group>"; };
		C30309D2144830C532881002 /* PushRegistrar.swift */ = {isa = PBXFileReference; lastKnownFileType = sourcecode.swift; path = PushRegistrar.swift; sourceTree = "<group>"; };
		D03469EA43F8E378196C04CA /* MembersView.swift */ = {isa = PBXFileReference; lastKnownFileType = sourcecode.swift; path = MembersView.swift; sourceTree = "<group>"; };
		D15561B9A02063BAAA0B9131 /* Formatters.swift */ = {isa = PBXFileReference; lastKnownFileType = sourcecode.swift; path = Formatters.swift; sourceTree = "<group>"; };
		D3EA656F6D507B3748C1377F /* Assets.xcassets */ = {isa = PBXFileReference; lastKnownFileType = folder.assetcatalog; path = Assets.xcassets; sourceTree = "<group>"; };
		D7DB9556C510CA5B9958FBD1 /* MembersViewModel.swift */ = {isa = PBXFileReference; lastKnownFileType = sourcecode.swift; path = MembersViewModel.swift; sourceTree = "<group>"; };
		D975DD85567F6170D3E9461D /* MatchupWidget.swift */ = {isa = PBXFileReference; lastKnownFileType = sourcecode.swift; path = MatchupWidget.swift; sourceTree = "<group>"; };
		DAE8F39CCE2C0B567F46F6B9 /* TeamLogoView.swift */ = {isa = PBXFileReference; lastKnownFileType = sourcecode.swift; path = TeamLogoView.swift; sourceTree = "<group>"; };
		DD5373CBFCE6F0C8E3596250 /* TrophyCaseViewModel.swift */ = {isa = PBXFileReference; lastKnownFileType = sourcecode.swift; path = TrophyCaseViewModel.swift; sourceTree = "<group>"; };
		DEBB7DEF09A6C7CC04FDE783 /* CommissionersCartel.app */ = {isa = PBXFileReference; includeInIndex = 0; lastKnownFileType = wrapper.application; path = CommissionersCartel.app; sourceTree = BUILT_PRODUCTS_DIR; };
		E2ECC67CFE4ACEAA8E570FA7 /* NFLScoresView.swift */ = {isa = PBXFileReference; lastKnownFileType = sourcecode.swift; path = NFLScoresView.swift; sourceTree = "<group>"; };
		F225F33D365B0F36C742B203 /* PollsView.swift */ = {isa = PBXFileReference; lastKnownFileType = sourcecode.swift; path = PollsView.swift; sourceTree = "<group>"; };
		FAA13BA485C41B4F90F30286 /* SettingsView.swift */ = {isa = PBXFileReference; lastKnownFileType = sourcecode.swift; path = SettingsView.swift; sourceTree = "<group>"; };
/* End PBXFileReference section */

/* Begin PBXFrameworksBuildPhase section */
		1EB30EE49138E445A917740D /* Frameworks */ = {
			isa = PBXFrameworksBuildPhase;
			buildActionMask = 2147483647;
			files = (
				4B45F6825D3EE456218A14E5 /* CartelCore in Frameworks */,
				2D06F93A1EA160D9EF648840 /* CartelESPN in Frameworks */,
				918B07539C61AA53B64A0344 /* CartelSupabase in Frameworks */,
			);
			runOnlyForDeploymentPostprocessing = 0;
		};
		B7B75444286648087C3A40EA /* Frameworks */ = {
			isa = PBXFrameworksBuildPhase;
			buildActionMask = 2147483647;
			files = (
				E69E94DB7F2D0EB288275485 /* CartelCore in Frameworks */,
				9DE066068B891E3CB0B66EB4 /* CartelESPN in Frameworks */,
			);
			runOnlyForDeploymentPostprocessing = 0;
		};
/* End PBXFrameworksBuildPhase section */

/* Begin PBXGroup section */
		20C72B8A361743BE634D3AAB /* CartelWidget */ = {
			isa = PBXGroup;
			children = (
				98A79C4D20F246ADB024E300 /* CartelWidgetBundle.swift */,
				D975DD85567F6170D3E9461D /* MatchupWidget.swift */,
				950BDC3CA78FDE8BFA07A82D /* MatchupWidgetView.swift */,
				39D1C05CABC392FC6823B538 /* WidgetConfigurationValues.swift */,
			);
			path = CartelWidget;
			sourceTree = "<group>";
		};
		2BD883E6414246CBB6880F4B /* Matchups */ = {
			isa = PBXGroup;
			children = (
				BF7395A6303E9F6392B366FC /* MatchupsView.swift */,
				19CAF352C89479A5D8415900 /* MatchupsViewModel.swift */,
				E2ECC67CFE4ACEAA8E570FA7 /* NFLScoresView.swift */,
				AB9171C63B6603835C7B65EE /* StandingsView.swift */,
				5EB1DB5778A90FE77F80CEA1 /* WeeklyRecapView.swift */,
			);
			path = Matchups;
			sourceTree = "<group>";
		};
		323BEFAAA89DA977BD46EFD4 /* News */ = {
			isa = PBXGroup;
			children = (
				3C45E44EFEFD22E3FAF3CF11 /* NewsFeedView.swift */,
				2BB2006E986A9040A4FFD91A /* NewsFeedViewModel.swift */,
				3C073D09C67256CF6F6B1711 /* NewsPostDetailView.swift */,
			);
			path = News;
			sourceTree = "<group>";
		};
		37DB4024B000F22E3473E41B /* Shared */ = {
			isa = PBXGroup;
			children = (
				186614AFCC75669D6703C2BE /* SharedStore.swift */,
			);
			path = Shared;
			sourceTree = "<group>";
		};
		412B06792196C8BE0E23C0AA /* Products */ = {
			isa = PBXGroup;
			children = (
				9C85CA1B92922F1FA6F453CA /* CartelWidget.appex */,
				DEBB7DEF09A6C7CC04FDE783 /* CommissionersCartel.app */,
			);
			name = Products;
			sourceTree = "<group>";
		};
		4A1425269DA6915F4FA237B1 /* Widget */ = {
			isa = PBXGroup;
			children = (
				20C72B8A361743BE634D3AAB /* CartelWidget */,
			);
			path = Widget;
			sourceTree = "<group>";
		};
		60B828E8CA321C1D7846EE4C /* App */ = {
			isa = PBXGroup;
			children = (
				6C17364DC98F14E59E49845C /* CommissionersCartel */,
			);
			path = App;
			sourceTree = "<group>";
		};
		6C17364DC98F14E59E49845C /* CommissionersCartel */ = {
			isa = PBXGroup;
			children = (
				AA58CD8B64F7B6FCB401AEB5 /* App */,
				FA083DDC43FA086D70677083 /* DesignSystem */,
				7330CD8BFFD13E6955257140 /* Features */,
				FCF414A37D44CC6D9EEB2620 /* Resources */,
			);
			path = CommissionersCartel;
			sourceTree = "<group>";
		};
		7330CD8BFFD13E6955257140 /* Features */ = {
			isa = PBXGroup;
			children = (
				2BD883E6414246CBB6880F4B /* Matchups */,
				C08B9EA5507AD32736322DFE /* Members */,
				323BEFAAA89DA977BD46EFD4 /* News */,
				E08B1508902FB4D9CE4DE837 /* Polls */,
				99B58A6C53D349B82CAEFC23 /* Settings */,
			);
			path = Features;
			sourceTree = "<group>";
		};
		7D6D3E933C732E170B0452C0 = {
			isa = PBXGroup;
			children = (
				60B828E8CA321C1D7846EE4C /* App */,
				B7E1BC5A1C276D4B251F0A9C /* Config */,
				EE97D81AD8314805F5CC9297 /* Packages */,
				37DB4024B000F22E3473E41B /* Shared */,
				4A1425269DA6915F4FA237B1 /* Widget */,
				412B06792196C8BE0E23C0AA /* Products */,
			);
			sourceTree = "<group>";
		};
		99B58A6C53D349B82CAEFC23 /* Settings */ = {
			isa = PBXGroup;
			children = (
				1E86DC157594C0AA807FB016 /* ClaimTeamView.swift */,
				2EF49E1E081A6ADE03F5E2DA /* NotificationSettingsSection.swift */,
				FAA13BA485C41B4F90F30286 /* SettingsView.swift */,
				722EC606D4D20DB5CACCE5E1 /* SignInView.swift */,
			);
			path = Settings;
			sourceTree = "<group>";
		};
		AA58CD8B64F7B6FCB401AEB5 /* App */ = {
			isa = PBXGroup;
			children = (
				6400996C8909B068E1496C1C /* AppConfiguration.swift */,
				B49C2F69739A05DA6E30EFDB /* AppEnvironment.swift */,
				3D256F9DE3A680438DD5AE32 /* CommissionersCartelApp.swift */,
				457FE48CBCFD9A680A7A0B00 /* KeychainStore.swift */,
				096F4868120CB3CBD155E561 /* Loadable.swift */,
				C30309D2144830C532881002 /* PushRegistrar.swift */,
				8D39D479E5AFA1FCB607E5ED /* RootView.swift */,
				4FCB96C6D0B45F65D335B2F0 /* SplashView.swift */,
			);
			path = App;
			sourceTree = "<group>";
		};
		B7E1BC5A1C276D4B251F0A9C /* Config */ = {
			isa = PBXGroup;
			children = (
				7D337817B4D94977D9118686 /* Debug.xcconfig */,
				44B7FC9C5A8AC74182709966 /* Release.xcconfig */,
			);
			path = Config;
			sourceTree = "<group>";
		};
		C08B9EA5507AD32736322DFE /* Members */ = {
			isa = PBXGroup;
			children = (
				28FB8B90A46A708C9F913DC0 /* DirectMessagesView.swift */,
				BBEE9BFA48CE65F2C9E3693E /* DirectMessagesViewModel.swift */,
				92F9DFF754F1EE3C1BB8A50F /* LeagueChatView.swift */,
				A2E30CCCA2596F1DD148C54D /* LeagueChatViewModel.swift */,
				C25E5646CF454142CCA9E361 /* MemberDetailView.swift */,
				D03469EA43F8E378196C04CA /* MembersView.swift */,
				D7DB9556C510CA5B9958FBD1 /* MembersViewModel.swift */,
				5F06A72A99F44751E51C526D /* TrophyCaseView.swift */,
				DD5373CBFCE6F0C8E3596250 /* TrophyCaseViewModel.swift */,
			);
			path = Members;
			sourceTree = "<group>";
		};
		E08B1508902FB4D9CE4DE837 /* Polls */ = {
			isa = PBXGroup;
			children = (
				1B1DCADEB27EFF3B6943804B /* CreatePollView.swift */,
				F225F33D365B0F36C742B203 /* PollsView.swift */,
				1E4D03F3F048E702B1FEEE14 /* PollsViewModel.swift */,
			);
			path = Polls;
			sourceTree = "<group>";
		};
		EE97D81AD8314805F5CC9297 /* Packages */ = {
			isa = PBXGroup;
			children = (
				35CEFE01E58DE2DE8ABEEB51 /* CartelKit */,
			);
			path = Packages;
			sourceTree = "<group>";
		};
		FA083DDC43FA086D70677083 /* DesignSystem */ = {
			isa = PBXGroup;
			children = (
				D15561B9A02063BAAA0B9131 /* Formatters.swift */,
				6685FC13C6BDCFF3928269DF /* SectionPicker.swift */,
				8FE33B6365427F981FD356BE /* SectionsHint.swift */,
				6169B7B9F9F50A43F4E6F14A /* StateViews.swift */,
				DAE8F39CCE2C0B567F46F6B9 /* TeamLogoView.swift */,
				7FD2A5DD48CE6331EFA0E30A /* Theme.swift */,
			);
			path = DesignSystem;
			sourceTree = "<group>";
		};
		FCF414A37D44CC6D9EEB2620 /* Resources */ = {
			isa = PBXGroup;
			children = (
				D3EA656F6D507B3748C1377F /* Assets.xcassets */,
			);
			path = Resources;
			sourceTree = "<group>";
		};
/* End PBXGroup section */

/* Begin PBXNativeTarget section */
		C0BBCC057FEDD311A0E6C635 /* CommissionersCartel */ = {
			isa = PBXNativeTarget;
			buildConfigurationList = 9E113A78BE4536B2F79D0754 /* Build configuration list for PBXNativeTarget "CommissionersCartel" */;
			buildPhases = (
				CB9C825E4DC7D39194E992E8 /* Sources */,
				E84EACCE99449EC09B5EAB7E /* Resources */,
				1EB30EE49138E445A917740D /* Frameworks */,
				81DDD7DDDE892F509E003C04 /* Embed Foundation Extensions */,
			);
			buildRules = (
			);
			dependencies = (
				0C1E8D7FE477DCAF72BC4127 /* PBXTargetDependency */,
			);
			name = CommissionersCartel;
			packageProductDependencies = (
				594DBDFAD60BBE9EF7E46561 /* CartelCore */,
				6E0714EA86BA5918D9AB8AE2 /* CartelESPN */,
				9C280192D12D2EB917B6F0E0 /* CartelSupabase */,
			);
			productName = CommissionersCartel;
			productReference = DEBB7DEF09A6C7CC04FDE783 /* CommissionersCartel.app */;
			productType = "com.apple.product-type.application";
		};
		D63F20A8A45002AC90873D9D /* CartelWidget */ = {
			isa = PBXNativeTarget;
			buildConfigurationList = F2D1E28570CA3E8F2C404267 /* Build configuration list for PBXNativeTarget "CartelWidget" */;
			buildPhases = (
				1EF38C4BD963192008CD6B70 /* Sources */,
				B7B75444286648087C3A40EA /* Frameworks */,
			);
			buildRules = (
			);
			dependencies = (
			);
			name = CartelWidget;
			packageProductDependencies = (
				6983365F6925E23D7A5F7253 /* CartelCore */,
				FBF57DDE217E1BC30051762A /* CartelESPN */,
			);
			productName = CartelWidget;
			productReference = 9C85CA1B92922F1FA6F453CA /* CartelWidget.appex */;
			productType = "com.apple.product-type.app-extension";
		};
/* End PBXNativeTarget section */

/* Begin PBXProject section */
		5360E0F154977AAC0E89CA30 /* Project object */ = {
			isa = PBXProject;
			attributes = {
				BuildIndependentTargetsInParallel = YES;
				LastUpgradeCheck = 1430;
				TargetAttributes = {
					C0BBCC057FEDD311A0E6C635 = {
						DevelopmentTeam = "$(DEVELOPMENT_TEAM)";
						ProvisioningStyle = Automatic;
					};
					D63F20A8A45002AC90873D9D = {
						DevelopmentTeam = "$(DEVELOPMENT_TEAM)";
						ProvisioningStyle = Automatic;
					};
				};
			};
			buildConfigurationList = 0D848BDD74E3DBA20B0A1148 /* Build configuration list for PBXProject "CommissionersCartel" */;
			developmentRegion = en;
			hasScannedForEncodings = 0;
			knownRegions = (
				Base,
				en,
			);
			mainGroup = 7D6D3E933C732E170B0452C0;
			minimizedProjectReferenceProxies = 1;
			packageReferences = (
				34440B1731D6048571C2A11D /* XCLocalSwiftPackageReference "Packages/CartelKit" */,
			);
			preferredProjectObjectVersion = 77;
			productRefGroup = 412B06792196C8BE0E23C0AA /* Products */;
			projectDirPath = "";
			projectRoot = "";
			targets = (
				C0BBCC057FEDD311A0E6C635 /* CommissionersCartel */,
				D63F20A8A45002AC90873D9D /* CartelWidget */,
			);
		};
/* End PBXProject section */

/* Begin PBXResourcesBuildPhase section */
		E84EACCE99449EC09B5EAB7E /* Resources */ = {
			isa = PBXResourcesBuildPhase;
			buildActionMask = 2147483647;
			files = (
				A960A5FCEE9901CE00DC540C /* Assets.xcassets in Resources */,
			);
			runOnlyForDeploymentPostprocessing = 0;
		};
/* End PBXResourcesBuildPhase section */

/* Begin PBXSourcesBuildPhase section */
		1EF38C4BD963192008CD6B70 /* Sources */ = {
			isa = PBXSourcesBuildPhase;
			buildActionMask = 2147483647;
			files = (
				881F2DAFD9BCF0666457283B /* CartelWidgetBundle.swift in Sources */,
				6BC6E9A25CD7A02818A68EF2 /* MatchupWidget.swift in Sources */,
				74F279CE6D2710987F24995A /* MatchupWidgetView.swift in Sources */,
				E3D9F92DE286521C5F51293C /* SharedStore.swift in Sources */,
				84043FAE901DE963345DD8C9 /* WidgetConfigurationValues.swift in Sources */,
			);
			runOnlyForDeploymentPostprocessing = 0;
		};
		CB9C825E4DC7D39194E992E8 /* Sources */ = {
			isa = PBXSourcesBuildPhase;
			buildActionMask = 2147483647;
			files = (
				31A809E0CA27524EC2EAA406 /* AppConfiguration.swift in Sources */,
				12A315BCEF72BF1BAEA5D515 /* AppEnvironment.swift in Sources */,
				9B31A35278D954D5A2CDB369 /* ClaimTeamView.swift in Sources */,
				65F8592486F245A19B3066DF /* CommissionersCartelApp.swift in Sources */,
				A5492B9492A9D86A52D247D2 /* CreatePollView.swift in Sources */,
				66CE10332C3B33895DF06ACC /* DirectMessagesView.swift in Sources */,
				EC08F06B3C701F7F9467EBA4 /* DirectMessagesViewModel.swift in Sources */,
				E5332F1273FE03A1F9CDE25E /* Formatters.swift in Sources */,
				507E57CB1AC3A1CCA0648BDE /* KeychainStore.swift in Sources */,
				C7B013AA42E98992D0791121 /* LeagueChatView.swift in Sources */,
				F6692FE43393690B2EBCF429 /* LeagueChatViewModel.swift in Sources */,
				D034477AA96A788485C238A0 /* Loadable.swift in Sources */,
				D51A5252E1B29247083E7149 /* MatchupsView.swift in Sources */,
				94A01FAD9CF58E3161976C91 /* MatchupsViewModel.swift in Sources */,
				52336F7120F8E612A2A04EBB /* MemberDetailView.swift in Sources */,
				76513565B7F0C8AEF2962505 /* MembersView.swift in Sources */,
				10A8A5C4E98243ADAF5F91E5 /* MembersViewModel.swift in Sources */,
				281FAB71009E2D455670D2A2 /* NFLScoresView.swift in Sources */,
				B11A87F46FFEAAEAC971C3C9 /* NewsFeedView.swift in Sources */,
				7B0F47FD6B319E75B8BE692C /* NewsFeedViewModel.swift in Sources */,
				4417DB5BC76A27D7892D3EB8 /* NewsPostDetailView.swift in Sources */,
				0AFD7D7C50451F96DA202CE4 /* NotificationSettingsSection.swift in Sources */,
				7B7D9ADD54F336A6C9F41111 /* PollsView.swift in Sources */,
				9B30FC45D6A0E6FA51305F58 /* PollsViewModel.swift in Sources */,
				8D5798726C62FF83F29DBFE0 /* PushRegistrar.swift in Sources */,
				0173B3B98B368FCABE7418E5 /* RootView.swift in Sources */,
				BD2DBD997CF0F39A2D7FE030 /* SectionPicker.swift in Sources */,
				0C61D6DF21AE4AB781D9FEDD /* SectionsHint.swift in Sources */,
				2B08802C61FFA4EDBAC0B1D8 /* SettingsView.swift in Sources */,
				3DADAD921D879A9F728BD8B6 /* SharedStore.swift in Sources */,
				38B95E0B54C1885AC2758A7F /* SignInView.swift in Sources */,
				6B997AC61DA6A4FF0F83170F /* SplashView.swift in Sources */,
				6D8C8AE37F76E495623A1128 /* StandingsView.swift in Sources */,
				DF1DC7BCF83E1E3EE2256B45 /* StateViews.swift in Sources */,
				6BE2AE9F104DD5C28320496A /* TeamLogoView.swift in Sources */,
				72C5C8E3896104D244C9B4B5 /* Theme.swift in Sources */,
				0C07CB21C3BFA622ABEB9561 /* TrophyCaseView.swift in Sources */,
				69D52231B9DEDFA927F00B5C /* TrophyCaseViewModel.swift in Sources */,
				DA7D2E35F52A48FB6402D851 /* WeeklyRecapView.swift in Sources */,
			);
			runOnlyForDeploymentPostprocessing = 0;
		};
/* End PBXSourcesBuildPhase section */

/* Begin PBXTargetDependency section */
		0C1E8D7FE477DCAF72BC4127 /* PBXTargetDependency */ = {
			isa = PBXTargetDependency;
			target = D63F20A8A45002AC90873D9D /* CartelWidget */;
			targetProxy = 743D74EB0139D482BFCD4C3F /* PBXContainerItemProxy */;
		};
/* End PBXTargetDependency section */

/* Begin XCBuildConfiguration section */
		15F678989888CAA257A0DE8E /* Release */ = {
			isa = XCBuildConfiguration;
			buildSettings = {
				CODE_SIGN_ENTITLEMENTS = Widget/CartelWidget/CartelWidgetRelease.entitlements;
				CODE_SIGN_STYLE = Automatic;
				DEVELOPMENT_TEAM = "$(DEVELOPMENT_TEAM)";
				ENABLE_PREVIEWS = YES;
				GENERATE_INFOPLIST_FILE = NO;
				INFOPLIST_FILE = Widget/CartelWidget/Info.plist;
				LD_RUNPATH_SEARCH_PATHS = (
					"$(inherited)",
					"@executable_path/Frameworks",
					"@executable_path/../../Frameworks",
				);
				PRODUCT_BUNDLE_IDENTIFIER = com.commissionerscartel.app.widget;
				SDKROOT = iphoneos;
				SKIP_INSTALL = YES;
				TARGETED_DEVICE_FAMILY = "1,2";
			};
			name = Release;
		};
		2EE6292E2E07EB6B5DB9A396 /* Debug */ = {
			isa = XCBuildConfiguration;
			buildSettings = {
				ASSETCATALOG_COMPILER_APPICON_NAME = AppIcon;
				ASSETCATALOG_COMPILER_GLOBAL_ACCENT_COLOR_NAME = AccentColor;
				CODE_SIGN_ENTITLEMENTS = App/CommissionersCartel/Resources/CommissionersCartel.entitlements;
				CODE_SIGN_IDENTITY = "iPhone Developer";
				CODE_SIGN_STYLE = Automatic;
				DEVELOPMENT_TEAM = "$(DEVELOPMENT_TEAM)";
				ENABLE_PREVIEWS = YES;
				GENERATE_INFOPLIST_FILE = NO;
				INFOPLIST_FILE = App/CommissionersCartel/Resources/Info.plist;
				LD_RUNPATH_SEARCH_PATHS = (
					"$(inherited)",
					"@executable_path/Frameworks",
				);
				SDKROOT = iphoneos;
				SUPPORTS_MACCATALYST = NO;
				TARGETED_DEVICE_FAMILY = "1,2";
			};
			name = Debug;
		};
		8FCBD1338F9F6CE149372B25 /* Debug */ = {
			isa = XCBuildConfiguration;
			baseConfigurationReference = 7D337817B4D94977D9118686 /* Debug.xcconfig */;
			buildSettings = {
				ALWAYS_SEARCH_USER_PATHS = NO;
				CLANG_ANALYZER_NONNULL = YES;
				CLANG_ANALYZER_NUMBER_OBJECT_CONVERSION = YES_AGGRESSIVE;
				CLANG_CXX_LANGUAGE_STANDARD = "gnu++14";
				CLANG_CXX_LIBRARY = "libc++";
				CLANG_ENABLE_MODULES = YES;
				CLANG_ENABLE_OBJC_ARC = YES;
				CLANG_ENABLE_OBJC_WEAK = YES;
				CLANG_WARN_BLOCK_CAPTURE_AUTORELEASING = YES;
				CLANG_WARN_BOOL_CONVERSION = YES;
				CLANG_WARN_COMMA = YES;
				CLANG_WARN_CONSTANT_CONVERSION = YES;
				CLANG_WARN_DEPRECATED_OBJC_IMPLEMENTATIONS = YES;
				CLANG_WARN_DIRECT_OBJC_ISA_USAGE = YES_ERROR;
				CLANG_WARN_DOCUMENTATION_COMMENTS = YES;
				CLANG_WARN_EMPTY_BODY = YES;
				CLANG_WARN_ENUM_CONVERSION = YES;
				CLANG_WARN_INFINITE_RECURSION = YES;
				CLANG_WARN_INT_CONVERSION = YES;
				CLANG_WARN_NON_LITERAL_NULL_CONVERSION = YES;
				CLANG_WARN_OBJC_IMPLICIT_RETAIN_SELF = YES;
				CLANG_WARN_OBJC_LITERAL_CONVERSION = YES;
				CLANG_WARN_OBJC_ROOT_CLASS = YES_ERROR;
				CLANG_WARN_QUOTED_INCLUDE_IN_FRAMEWORK_HEADER = YES;
				CLANG_WARN_RANGE_LOOP_ANALYSIS = YES;
				CLANG_WARN_STRICT_PROTOTYPES = YES;
				CLANG_WARN_SUSPICIOUS_MOVE = YES;
				CLANG_WARN_UNGUARDED_AVAILABILITY = YES_AGGRESSIVE;
				CLANG_WARN_UNREACHABLE_CODE = YES;
				CLANG_WARN__DUPLICATE_METHOD_MATCH = YES;
				COPY_PHASE_STRIP = NO;
				DEAD_CODE_STRIPPING = YES;
				DEBUG_INFORMATION_FORMAT = dwarf;
				ENABLE_STRICT_OBJC_MSGSEND = YES;
				ENABLE_TESTABILITY = YES;
				ENABLE_USER_SCRIPT_SANDBOXING = YES;
				GCC_C_LANGUAGE_STANDARD = gnu11;
				GCC_DYNAMIC_NO_PIC = NO;
				GCC_NO_COMMON_BLOCKS = YES;
				GCC_OPTIMIZATION_LEVEL = 0;
				GCC_PREPROCESSOR_DEFINITIONS = (
					"$(inherited)",
					"DEBUG=1",
				);
				GCC_WARN_64_TO_32_BIT_CONVERSION = YES;
				GCC_WARN_ABOUT_RETURN_TYPE = YES_ERROR;
				GCC_WARN_UNDECLARED_SELECTOR = YES;
				GCC_WARN_UNINITIALIZED_AUTOS = YES_AGGRESSIVE;
				GCC_WARN_UNUSED_FUNCTION = YES;
				GCC_WARN_UNUSED_VARIABLE = YES;
				IPHONEOS_DEPLOYMENT_TARGET = 18.0;
				MTL_ENABLE_DEBUG_INFO = INCLUDE_SOURCE;
				MTL_FAST_MATH = YES;
				PRODUCT_NAME = "$(TARGET_NAME)";
				SDKROOT = iphoneos;
				SWIFT_STRICT_CONCURRENCY = complete;
				SWIFT_VERSION = 6.0;
			};
			name = Debug;
		};
		AE52ECD208792A7A1BA3CD75 /* Release */ = {
			isa = XCBuildConfiguration;
			buildSettings = {
				ASSETCATALOG_COMPILER_APPICON_NAME = AppIcon;
				ASSETCATALOG_COMPILER_GLOBAL_ACCENT_COLOR_NAME = AccentColor;
				CODE_SIGN_ENTITLEMENTS = App/CommissionersCartel/Resources/CommissionersCartelRelease.entitlements;
				CODE_SIGN_IDENTITY = "iPhone Developer";
				CODE_SIGN_STYLE = Automatic;
				DEVELOPMENT_TEAM = "$(DEVELOPMENT_TEAM)";
				ENABLE_PREVIEWS = YES;
				GENERATE_INFOPLIST_FILE = NO;
				INFOPLIST_FILE = App/CommissionersCartel/Resources/Info.plist;
				LD_RUNPATH_SEARCH_PATHS = (
					"$(inherited)",
					"@executable_path/Frameworks",
				);
				SDKROOT = iphoneos;
				SUPPORTS_MACCATALYST = NO;
				TARGETED_DEVICE_FAMILY = "1,2";
			};
			name = Release;
		};
		C83E7A7E3C30AB3A73F6FC5B /* Debug */ = {
			isa = XCBuildConfiguration;
			buildSettings = {
				CODE_SIGN_ENTITLEMENTS = Widget/CartelWidget/CartelWidget.entitlements;
				CODE_SIGN_STYLE = Automatic;
				DEVELOPMENT_TEAM = "$(DEVELOPMENT_TEAM)";
				ENABLE_PREVIEWS = YES;
				GENERATE_INFOPLIST_FILE = NO;
				INFOPLIST_FILE = Widget/CartelWidget/Info.plist;
				LD_RUNPATH_SEARCH_PATHS = (
					"$(inherited)",
					"@executable_path/Frameworks",
					"@executable_path/../../Frameworks",
				);
				PRODUCT_BUNDLE_IDENTIFIER = com.commissionerscartel.app.widget;
				SDKROOT = iphoneos;
				SKIP_INSTALL = YES;
				TARGETED_DEVICE_FAMILY = "1,2";
			};
			name = Debug;
		};
		FE88649D552850840E145C91 /* Release */ = {
			isa = XCBuildConfiguration;
			baseConfigurationReference = 44B7FC9C5A8AC74182709966 /* Release.xcconfig */;
			buildSettings = {
				ALWAYS_SEARCH_USER_PATHS = NO;
				CLANG_ANALYZER_NONNULL = YES;
				CLANG_ANALYZER_NUMBER_OBJECT_CONVERSION = YES_AGGRESSIVE;
				CLANG_CXX_LANGUAGE_STANDARD = "gnu++14";
				CLANG_CXX_LIBRARY = "libc++";
				CLANG_ENABLE_MODULES = YES;
				CLANG_ENABLE_OBJC_ARC = YES;
				CLANG_ENABLE_OBJC_WEAK = YES;
				CLANG_WARN_BLOCK_CAPTURE_AUTORELEASING = YES;
				CLANG_WARN_BOOL_CONVERSION = YES;
				CLANG_WARN_COMMA = YES;
				CLANG_WARN_CONSTANT_CONVERSION = YES;
				CLANG_WARN_DEPRECATED_OBJC_IMPLEMENTATIONS = YES;
				CLANG_WARN_DIRECT_OBJC_ISA_USAGE = YES_ERROR;
				CLANG_WARN_DOCUMENTATION_COMMENTS = YES;
				CLANG_WARN_EMPTY_BODY = YES;
				CLANG_WARN_ENUM_CONVERSION = YES;
				CLANG_WARN_INFINITE_RECURSION = YES;
				CLANG_WARN_INT_CONVERSION = YES;
				CLANG_WARN_NON_LITERAL_NULL_CONVERSION = YES;
				CLANG_WARN_OBJC_IMPLICIT_RETAIN_SELF = YES;
				CLANG_WARN_OBJC_LITERAL_CONVERSION = YES;
				CLANG_WARN_OBJC_ROOT_CLASS = YES_ERROR;
				CLANG_WARN_QUOTED_INCLUDE_IN_FRAMEWORK_HEADER = YES;
				CLANG_WARN_RANGE_LOOP_ANALYSIS = YES;
				CLANG_WARN_STRICT_PROTOTYPES = YES;
				CLANG_WARN_SUSPICIOUS_MOVE = YES;
				CLANG_WARN_UNGUARDED_AVAILABILITY = YES_AGGRESSIVE;
				CLANG_WARN_UNREACHABLE_CODE = YES;
				CLANG_WARN__DUPLICATE_METHOD_MATCH = YES;
				COPY_PHASE_STRIP = NO;
				DEAD_CODE_STRIPPING = YES;
				DEBUG_INFORMATION_FORMAT = "dwarf-with-dsym";
				ENABLE_NS_ASSERTIONS = NO;
				ENABLE_STRICT_OBJC_MSGSEND = YES;
				ENABLE_USER_SCRIPT_SANDBOXING = YES;
				GCC_C_LANGUAGE_STANDARD = gnu11;
				GCC_NO_COMMON_BLOCKS = YES;
				GCC_WARN_64_TO_32_BIT_CONVERSION = YES;
				GCC_WARN_ABOUT_RETURN_TYPE = YES_ERROR;
				GCC_WARN_UNDECLARED_SELECTOR = YES;
				GCC_WARN_UNINITIALIZED_AUTOS = YES_AGGRESSIVE;
				GCC_WARN_UNUSED_FUNCTION = YES;
				GCC_WARN_UNUSED_VARIABLE = YES;
				IPHONEOS_DEPLOYMENT_TARGET = 18.0;
				MTL_ENABLE_DEBUG_INFO = NO;
				MTL_FAST_MATH = YES;
				PRODUCT_NAME = "$(TARGET_NAME)";
				SDKROOT = iphoneos;
				SWIFT_STRICT_CONCURRENCY = complete;
				SWIFT_VERSION = 6.0;
			};
			name = Release;
		};
/* End XCBuildConfiguration section */

/* Begin XCConfigurationList section */
		0D848BDD74E3DBA20B0A1148 /* Build configuration list for PBXProject "CommissionersCartel" */ = {
			isa = XCConfigurationList;
			buildConfigurations = (
				8FCBD1338F9F6CE149372B25 /* Debug */,
				FE88649D552850840E145C91 /* Release */,
			);
			defaultConfigurationIsVisible = 0;
			defaultConfigurationName = Debug;
		};
		9E113A78BE4536B2F79D0754 /* Build configuration list for PBXNativeTarget "CommissionersCartel" */ = {
			isa = XCConfigurationList;
			buildConfigurations = (
				2EE6292E2E07EB6B5DB9A396 /* Debug */,
				AE52ECD208792A7A1BA3CD75 /* Release */,
			);
			defaultConfigurationIsVisible = 0;
			defaultConfigurationName = Debug;
		};
		F2D1E28570CA3E8F2C404267 /* Build configuration list for PBXNativeTarget "CartelWidget" */ = {
			isa = XCConfigurationList;
			buildConfigurations = (
				C83E7A7E3C30AB3A73F6FC5B /* Debug */,
				15F678989888CAA257A0DE8E /* Release */,
			);
			defaultConfigurationIsVisible = 0;
			defaultConfigurationName = Debug;
		};
/* End XCConfigurationList section */

/* Begin XCLocalSwiftPackageReference section */
		34440B1731D6048571C2A11D /* XCLocalSwiftPackageReference "Packages/CartelKit" */ = {
			isa = XCLocalSwiftPackageReference;
			relativePath = Packages/CartelKit;
		};
/* End XCLocalSwiftPackageReference section */

/* Begin XCSwiftPackageProductDependency section */
		594DBDFAD60BBE9EF7E46561 /* CartelCore */ = {
			isa = XCSwiftPackageProductDependency;
			productName = CartelCore;
		};
		6983365F6925E23D7A5F7253 /* CartelCore */ = {
			isa = XCSwiftPackageProductDependency;
			productName = CartelCore;
		};
		6E0714EA86BA5918D9AB8AE2 /* CartelESPN */ = {
			isa = XCSwiftPackageProductDependency;
			productName = CartelESPN;
		};
		9C280192D12D2EB917B6F0E0 /* CartelSupabase */ = {
			isa = XCSwiftPackageProductDependency;
			productName = CartelSupabase;
		};
		FBF57DDE217E1BC30051762A /* CartelESPN */ = {
			isa = XCSwiftPackageProductDependency;
			productName = CartelESPN;
		};
/* End XCSwiftPackageProductDependency section */
	};
	rootObject = 5360E0F154977AAC0E89CA30 /* Project object */;
}
